// !$*UTF8*$!
{
	archiveVersion = 1;
	classes = {
	};
	objectVersion = 50;
	objects = {

/* Begin PBXBuildFile section */
		513739F721ACDE0D008E3CB5 /* RNA.entitlements in Resources */ = {isa = PBXBuildFile; fileRef = 513739F621ACDE0D008E3CB5 /* RNA.entitlements */; };
		513739F921ACDE0D008E3CB5 /* AppDelegate.swift in Sources */ = {isa = PBXBuildFile; fileRef = 513739F821ACDE0D008E3CB5 /* AppDelegate.swift */; };
		513739FC21ACDE0D008E3CB5 /* Main.storyboard in Resources */ = {isa = PBXBuildFile; fileRef = 513739FA21ACDE0D008E3CB5 /* Main.storyboard */; };
		513739FE21ACDE0D008E3CB5 /* ViewController.swift in Sources */ = {isa = PBXBuildFile; fileRef = 513739FD21ACDE0D008E3CB5 /* ViewController.swift */; };
		51373A0021ACDE0F008E3CB5 /* Assets.xcassets in Resources */ = {isa = PBXBuildFile; fileRef = 513739FF21ACDE0F008E3CB5 /* Assets.xcassets */; };
		51373A0B21ACDE0F008E3CB5 /* RNATests.swift in Sources */ = {isa = PBXBuildFile; fileRef = 51373A0A21ACDE0F008E3CB5 /* RNATests.swift */; };
		51373A1221ACDE0F008E3CB5 /* RNA Extension.appex in Embed App Extensions */ = {isa = PBXBuildFile; fileRef = 51373A1121ACDE0F008E3CB5 /* RNA Extension.appex */; settings = {ATTRIBUTES = (RemoveHeadersOnCopy, ); }; };
		51373A1721ACDE0F008E3CB5 /* Cocoa.framework in Frameworks */ = {isa = PBXBuildFile; fileRef = 51373A1621ACDE0F008E3CB5 /* Cocoa.framework */; };
		51373A1A21ACDE0F008E3CB5 /* SafariExtensionHandler.swift in Sources */ = {isa = PBXBuildFile; fileRef = 51373A1921ACDE0F008E3CB5 /* SafariExtensionHandler.swift */; };
		51373A1C21ACDE0F008E3CB5 /* SafariExtensionViewController.swift in Sources */ = {isa = PBXBuildFile; fileRef = 51373A1B21ACDE0F008E3CB5 /* SafariExtensionViewController.swift */; };
		51373A1F21ACDE0F008E3CB5 /* SafariExtensionViewController.xib in Resources */ = {isa = PBXBuildFile; fileRef = 51373A1D21ACDE0F008E3CB5 /* SafariExtensionViewController.xib */; };
		51373A2421ACDE0F008E3CB5 /* ToolbarItemIcon.pdf in Resources */ = {isa = PBXBuildFile; fileRef = 51373A2321ACDE0F008E3CB5 /* ToolbarItemIcon.pdf */; };
		51E52C9321AE318100CB9E71 /* DispatchConstants.swift in Sources */ = {isa = PBXBuildFile; fileRef = 51E52C9221AE318100CB9E71 /* DispatchConstants.swift */; };
		51E52C9821AE3DCC00CB9E71 /* build in Resources */ = {isa = PBXBuildFile; fileRef = 51E52C9721AE3DCB00CB9E71 /* build */; };
/* End PBXBuildFile section */

/* Begin PBXContainerItemProxy section */
		51373A0721ACDE0F008E3CB5 /* PBXContainerItemProxy */ = {
			isa = PBXContainerItemProxy;
			containerPortal = 513739EB21ACDE0D008E3CB5 /* Project object */;
			proxyType = 1;
			remoteGlobalIDString = 513739F221ACDE0D008E3CB5;
			remoteInfo = RNA;
		};
		51373A1321ACDE0F008E3CB5 /* PBXContainerItemProxy */ = {
			isa = PBXContainerItemProxy;
			containerPortal = 513739EB21ACDE0D008E3CB5 /* Project object */;
			proxyType = 1;
			remoteGlobalIDString = 51373A1021ACDE0F008E3CB5;
			remoteInfo = "RNA Extension";
		};
/* End PBXContainerItemProxy section */

/* Begin PBXCopyFilesBuildPhase section */
		51373A2B21ACDE0F008E3CB5 /* Embed App Extensions */ = {
			isa = PBXCopyFilesBuildPhase;
			buildActionMask = 2147483647;
			dstPath = "";
			dstSubfolderSpec = 13;
			files = (
				51373A1221ACDE0F008E3CB5 /* RNA Extension.appex in Embed App Extensions */,
			);
			name = "Embed App Extensions";
			runOnlyForDeploymentPostprocessing = 0;
		};
/* End PBXCopyFilesBuildPhase section */

/* Begin PBXFileReference section */
		513739F321ACDE0D008E3CB5 /* RNA.app */ = {isa = PBXFileReference; explicitFileType = wrapper.application; includeInIndex = 0; path = RNA.app; sourceTree = BUILT_PRODUCTS_DIR; };
		513739F621ACDE0D008E3CB5 /* RNA.entitlements */ = {isa = PBXFileReference; lastKnownFileType = text.plist.entitlements; path = RNA.entitlements; sourceTree = "<group>"; };
		513739F821ACDE0D008E3CB5 /* AppDelegate.swift */ = {isa = PBXFileReference; lastKnownFileType = sourcecode.swift; path = AppDelegate.swift; sourceTree = "<group>"; };
		513739FB21ACDE0D008E3CB5 /* Base */ = {isa = PBXFileReference; lastKnownFileType = file.storyboard; name = Base; path = Base.lproj/Main.storyboard; sourceTree = "<group>"; };
		513739FD21ACDE0D008E3CB5 /* ViewController.swift */ = {isa = PBXFileReference; lastKnownFileType = sourcecode.swift; path = ViewController.swift; sourceTree = "<group>"; };
		513739FF21ACDE0F008E3CB5 /* Assets.xcassets */ = {isa = PBXFileReference; lastKnownFileType = folder.assetcatalog; path = Assets.xcassets; sourceTree = "<group>"; };
		51373A0121ACDE0F008E3CB5 /* Info.plist */ = {isa = PBXFileReference; lastKnownFileType = text.plist.xml; path = Info.plist; sourceTree = "<group>"; };
		51373A0621ACDE0F008E3CB5 /* RNATests.xctest */ = {isa = PBXFileReference; explicitFileType = wrapper.cfbundle; includeInIndex = 0; path = RNATests.xctest; sourceTree = BUILT_PRODUCTS_DIR; };
		51373A0A21ACDE0F008E3CB5 /* RNATests.swift */ = {isa = PBXFileReference; lastKnownFileType = sourcecode.swift; path = RNATests.swift; sourceTree = "<group>"; };
		51373A0C21ACDE0F008E3CB5 /* Info.plist */ = {isa = PBXFileReference; lastKnownFileType = text.plist.xml; path = Info.plist; sourceTree = "<group>"; };
		51373A1121ACDE0F008E3CB5 /* RNA Extension.appex */ = {isa = PBXFileReference; explicitFileType = "wrapper.app-extension"; includeInIndex = 0; path = "RNA Extension.appex"; sourceTree = BUILT_PRODUCTS_DIR; };
		51373A1621ACDE0F008E3CB5 /* Cocoa.framework */ = {isa = PBXFileReference; lastKnownFileType = wrapper.framework; name = Cocoa.framework; path = System/Library/Frameworks/Cocoa.framework; sourceTree = SDKROOT; };
		51373A1921ACDE0F008E3CB5 /* SafariExtensionHandler.swift */ = {isa = PBXFileReference; lastKnownFileType = sourcecode.swift; path = SafariExtensionHandler.swift; sourceTree = "<group>"; };
		51373A1B21ACDE0F008E3CB5 /* SafariExtensionViewController.swift */ = {isa = PBXFileReference; lastKnownFileType = sourcecode.swift; path = SafariExtensionViewController.swift; sourceTree = "<group>"; };
		51373A1E21ACDE0F008E3CB5 /* Base */ = {isa = PBXFileReference; lastKnownFileType = file.xib; name = Base; path = Base.lproj/SafariExtensionViewController.xib; sourceTree = "<group>"; };
		51373A2021ACDE0F008E3CB5 /* Info.plist */ = {isa = PBXFileReference; lastKnownFileType = text.plist.xml; path = Info.plist; sourceTree = "<group>"; };
		51373A2321ACDE0F008E3CB5 /* ToolbarItemIcon.pdf */ = {isa = PBXFileReference; lastKnownFileType = image.pdf; path = ToolbarItemIcon.pdf; sourceTree = "<group>"; };
		51373A2521ACDE0F008E3CB5 /* RNA_Extension.entitlements */ = {isa = PBXFileReference; lastKnownFileType = text.plist.entitlements; path = RNA_Extension.entitlements; sourceTree = "<group>"; };
		51373A3221AD1408008E3CB5 /* scripts */ = {isa = PBXFileReference; lastKnownFileType = folder; path = scripts; sourceTree = "<group>"; };
		51E52C9221AE318100CB9E71 /* DispatchConstants.swift */ = {isa = PBXFileReference; lastKnownFileType = sourcecode.swift; path = DispatchConstants.swift; sourceTree = "<group>"; };
		51E52C9721AE3DCB00CB9E71 /* build */ = {isa = PBXFileReference; lastKnownFileType = folder; path = build; sourceTree = "<group>"; };
/* End PBXFileReference section */

/* Begin PBXFrameworksBuildPhase section */
		513739F021ACDE0D008E3CB5 /* Frameworks */ = {
			isa = PBXFrameworksBuildPhase;
			buildActionMask = 2147483647;
			files = (
			);
			runOnlyForDeploymentPostprocessing = 0;
		};
		51373A0321ACDE0F008E3CB5 /* Frameworks */ = {
			isa = PBXFrameworksBuildPhase;
			buildActionMask = 2147483647;
			files = (
			);
			runOnlyForDeploymentPostprocessing = 0;
		};
		51373A0E21ACDE0F008E3CB5 /* Frameworks */ = {
			isa = PBXFrameworksBuildPhase;
			buildActionMask = 2147483647;
			files = (
				51373A1721ACDE0F008E3CB5 /* Cocoa.framework in Frameworks */,
			);
			runOnlyForDeploymentPostprocessing = 0;
		};
/* End PBXFrameworksBuildPhase section */

/* Begin PBXGroup section */
		513739EA21ACDE0D008E3CB5 = {
			isa = PBXGroup;
			children = (
				513739F521ACDE0D008E3CB5 /* RNA */,
				51373A0921ACDE0F008E3CB5 /* RNATests */,
				51373A1821ACDE0F008E3CB5 /* RNA Extension */,
				51373A1521ACDE0F008E3CB5 /* Frameworks */,
				513739F421ACDE0D008E3CB5 /* Products */,
			);
			sourceTree = "<group>";
		};
		513739F421ACDE0D008E3CB5 /* Products */ = {
			isa = PBXGroup;
			children = (
				513739F321ACDE0D008E3CB5 /* RNA.app */,
				51373A0621ACDE0F008E3CB5 /* RNATests.xctest */,
				51373A1121ACDE0F008E3CB5 /* RNA Extension.appex */,
			);
			name = Products;
			sourceTree = "<group>";
		};
		513739F521ACDE0D008E3CB5 /* RNA */ = {
			isa = PBXGroup;
			children = (
				513739F621ACDE0D008E3CB5 /* RNA.entitlements */,
				513739F821ACDE0D008E3CB5 /* AppDelegate.swift */,
				513739FA21ACDE0D008E3CB5 /* Main.storyboard */,
				513739FD21ACDE0D008E3CB5 /* ViewController.swift */,
				513739FF21ACDE0F008E3CB5 /* Assets.xcassets */,
				51373A0121ACDE0F008E3CB5 /* Info.plist */,
			);
			path = RNA;
			sourceTree = "<group>";
		};
		51373A0921ACDE0F008E3CB5 /* RNATests */ = {
			isa = PBXGroup;
			children = (
				51373A0A21ACDE0F008E3CB5 /* RNATests.swift */,
				51373A0C21ACDE0F008E3CB5 /* Info.plist */,
			);
			path = RNATests;
			sourceTree = "<group>";
		};
		51373A1521ACDE0F008E3CB5 /* Frameworks */ = {
			isa = PBXGroup;
			children = (
				51373A1621ACDE0F008E3CB5 /* Cocoa.framework */,
			);
			name = Frameworks;
			sourceTree = "<group>";
		};
		51373A1821ACDE0F008E3CB5 /* RNA Extension */ = {
			isa = PBXGroup;
			children = (
				51E52C9721AE3DCB00CB9E71 /* build */,
				51373A3221AD1408008E3CB5 /* scripts */,
				51373A1921ACDE0F008E3CB5 /* SafariExtensionHandler.swift */,
				51373A1B21ACDE0F008E3CB5 /* SafariExtensionViewController.swift */,
				51373A1D21ACDE0F008E3CB5 /* SafariExtensionViewController.xib */,
				51373A2021ACDE0F008E3CB5 /* Info.plist */,
				51373A2321ACDE0F008E3CB5 /* ToolbarItemIcon.pdf */,
				51373A2521ACDE0F008E3CB5 /* RNA_Extension.entitlements */,
				51E52C9221AE318100CB9E71 /* DispatchConstants.swift */,
			);
			path = "RNA Extension";
			sourceTree = "<group>";
		};
/* End PBXGroup section */

/* Begin PBXNativeTarget section */
		513739F221ACDE0D008E3CB5 /* RNA */ = {
			isa = PBXNativeTarget;
			buildConfigurationList = 51373A2C21ACDE0F008E3CB5 /* Build configuration list for PBXNativeTarget "RNA" */;
			buildPhases = (
				513739EF21ACDE0D008E3CB5 /* Sources */,
				513739F021ACDE0D008E3CB5 /* Frameworks */,
				513739F121ACDE0D008E3CB5 /* Resources */,
				51373A2B21ACDE0F008E3CB5 /* Embed App Extensions */,
			);
			buildRules = (
			);
			dependencies = (
				51373A1421ACDE0F008E3CB5 /* PBXTargetDependency */,
			);
			name = RNA;
			productName = RNA;
			productReference = 513739F321ACDE0D008E3CB5 /* RNA.app */;
			productType = "com.apple.product-type.application";
		};
		51373A0521ACDE0F008E3CB5 /* RNATests */ = {
			isa = PBXNativeTarget;
			buildConfigurationList = 51373A2F21ACDE0F008E3CB5 /* Build configuration list for PBXNativeTarget "RNATests" */;
			buildPhases = (
				51373A0221ACDE0F008E3CB5 /* Sources */,
				51373A0321ACDE0F008E3CB5 /* Frameworks */,
				51373A0421ACDE0F008E3CB5 /* Resources */,
			);
			buildRules = (
			);
			dependencies = (
				51373A0821ACDE0F008E3CB5 /* PBXTargetDependency */,
			);
			name = RNATests;
			productName = RNATests;
			productReference = 51373A0621ACDE0F008E3CB5 /* RNATests.xctest */;
			productType = "com.apple.product-type.bundle.unit-test";
		};
		51373A1021ACDE0F008E3CB5 /* RNA Extension */ = {
			isa = PBXNativeTarget;
			buildConfigurationList = 51373A2821ACDE0F008E3CB5 /* Build configuration list for PBXNativeTarget "RNA Extension" */;
			buildPhases = (
				51373A0D21ACDE0F008E3CB5 /* Sources */,
				51373A0E21ACDE0F008E3CB5 /* Frameworks */,
				51E52C9421AE364E00CB9E71 /* ShellScript */,
				51373A0F21ACDE0F008E3CB5 /* Resources */,
			);
			buildRules = (
			);
			dependencies = (
			);
			name = "RNA Extension";
			productName = "RNA Extension";
			productReference = 51373A1121ACDE0F008E3CB5 /* RNA Extension.appex */;
			productType = "com.apple.product-type.app-extension";
		};
/* End PBXNativeTarget section */

/* Begin PBXProject section */
		513739EB21ACDE0D008E3CB5 /* Project object */ = {
			isa = PBXProject;
			attributes = {
				LastSwiftUpdateCheck = 1010;
				LastUpgradeCheck = 1010;
				ORGANIZATIONNAME = "Pranay Neelagiri";
				TargetAttributes = {
					513739F221ACDE0D008E3CB5 = {
						CreatedOnToolsVersion = 10.1;
					};
					51373A0521ACDE0F008E3CB5 = {
						CreatedOnToolsVersion = 10.1;
						TestTargetID = 513739F221ACDE0D008E3CB5;
					};
					51373A1021ACDE0F008E3CB5 = {
						CreatedOnToolsVersion = 10.1;
					};
				};
			};
			buildConfigurationList = 513739EE21ACDE0D008E3CB5 /* Build configuration list for PBXProject "RNA" */;
			compatibilityVersion = "Xcode 9.3";
			developmentRegion = en;
			hasScannedForEncodings = 0;
			knownRegions = (
				en,
				Base,
			);
			mainGroup = 513739EA21ACDE0D008E3CB5;
			productRefGroup = 513739F421ACDE0D008E3CB5 /* Products */;
			projectDirPath = "";
			projectRoot = "";
			targets = (
				513739F221ACDE0D008E3CB5 /* RNA */,
				51373A0521ACDE0F008E3CB5 /* RNATests */,
				51373A1021ACDE0F008E3CB5 /* RNA Extension */,
			);
		};
/* End PBXProject section */

/* Begin PBXResourcesBuildPhase section */
		513739F121ACDE0D008E3CB5 /* Resources */ = {
			isa = PBXResourcesBuildPhase;
			buildActionMask = 2147483647;
			files = (
				513739F721ACDE0D008E3CB5 /* RNA.entitlements in Resources */,
				51373A0021ACDE0F008E3CB5 /* Assets.xcassets in Resources */,
				513739FC21ACDE0D008E3CB5 /* Main.storyboard in Resources */,
			);
			runOnlyForDeploymentPostprocessing = 0;
		};
		51373A0421ACDE0F008E3CB5 /* Resources */ = {
			isa = PBXResourcesBuildPhase;
			buildActionMask = 2147483647;
			files = (
			);
			runOnlyForDeploymentPostprocessing = 0;
		};
		51373A0F21ACDE0F008E3CB5 /* Resources */ = {
			isa = PBXResourcesBuildPhase;
			buildActionMask = 2147483647;
			files = (
				51E52C9821AE3DCC00CB9E71 /* build in Resources */,
				51373A2421ACDE0F008E3CB5 /* ToolbarItemIcon.pdf in Resources */,
				51373A1F21ACDE0F008E3CB5 /* SafariExtensionViewController.xib in Resources */,
			);
			runOnlyForDeploymentPostprocessing = 0;
		};
/* End PBXResourcesBuildPhase section */

/* Begin PBXShellScriptBuildPhase section */
		51E52C9421AE364E00CB9E71 /* ShellScript */ = {
			isa = PBXShellScriptBuildPhase;
			buildActionMask = 2147483647;
			files = (
			);
			inputFileListPaths = (
			);
			inputPaths = (
			);
			outputFileListPaths = (
			);
			outputPaths = (
			);
			runOnlyForDeploymentPostprocessing = 0;
			shellPath = /bin/sh;
			shellScript = "cd \"RNA Extension\"\nrm -rf build/*\ncp -R scripts/public/* build/\nparcel build scripts/src/index.js -d scripts/dist -o main.js\nmv scripts/dist build/\necho \"safari.self.addEventListener('message', function(safari_e) {console.log('Received message ' + safari_e.name);if (window.top !== window) {return;}\" > build/main.js\ncat build/dist/main.js >> build/main.js\necho \"\\n});\" >> build/main.js\ncd ..\n";
		};
/* End PBXShellScriptBuildPhase section */

/* Begin PBXSourcesBuildPhase section */
		513739EF21ACDE0D008E3CB5 /* Sources */ = {
			isa = PBXSourcesBuildPhase;
			buildActionMask = 2147483647;
			files = (
				513739FE21ACDE0D008E3CB5 /* ViewController.swift in Sources */,
				513739F921ACDE0D008E3CB5 /* AppDelegate.swift in Sources */,
			);
			runOnlyForDeploymentPostprocessing = 0;
		};
		51373A0221ACDE0F008E3CB5 /* Sources */ = {
			isa = PBXSourcesBuildPhase;
			buildActionMask = 2147483647;
			files = (
				51373A0B21ACDE0F008E3CB5 /* RNATests.swift in Sources */,
			);
			runOnlyForDeploymentPostprocessing = 0;
		};
		51373A0D21ACDE0F008E3CB5 /* Sources */ = {
			isa = PBXSourcesBuildPhase;
			buildActionMask = 2147483647;
			files = (
				51373A1C21ACDE0F008E3CB5 /* SafariExtensionViewController.swift in Sources */,
				51E52C9321AE318100CB9E71 /* DispatchConstants.swift in Sources */,
				51373A1A21ACDE0F008E3CB5 /* SafariExtensionHandler.swift in Sources */,
			);
			runOnlyForDeploymentPostprocessing = 0;
		};
/* End PBXSourcesBuildPhase section */

/* Begin PBXTargetDependency section */
		51373A0821ACDE0F008E3CB5 /* PBXTargetDependency */ = {
			isa = PBXTargetDependency;
			target = 513739F221ACDE0D008E3CB5 /* RNA */;
			targetProxy = 51373A0721ACDE0F008E3CB5 /* PBXContainerItemProxy */;
		};
		51373A1421ACDE0F008E3CB5 /* PBXTargetDependency */ = {
			isa = PBXTargetDependency;
			target = 51373A1021ACDE0F008E3CB5 /* RNA Extension */;
			targetProxy = 51373A1321ACDE0F008E3CB5 /* PBXContainerItemProxy */;
		};
/* End PBXTargetDependency section */

/* Begin PBXVariantGroup section */
		513739FA21ACDE0D008E3CB5 /* Main.storyboard */ = {
			isa = PBXVariantGroup;
			children = (
				513739FB21ACDE0D008E3CB5 /* Base */,
			);
			name = Main.storyboard;
			sourceTree = "<group>";
		};
		51373A1D21ACDE0F008E3CB5 /* SafariExtensionViewController.xib */ = {
			isa = PBXVariantGroup;
			children = (
				51373A1E21ACDE0F008E3CB5 /* Base */,
			);
			name = SafariExtensionViewController.xib;
			sourceTree = "<group>";
		};
/* End PBXVariantGroup section */

/* Begin XCBuildConfiguration section */
		51373A2621ACDE0F008E3CB5 /* Debug */ = {
			isa = XCBuildConfiguration;
			buildSettings = {
				ALWAYS_SEARCH_USER_PATHS = NO;
				CLANG_ANALYZER_NONNULL = YES;
				CLANG_ANALYZER_NUMBER_OBJECT_CONVERSION = YES_AGGRESSIVE;
				CLANG_CXX_LANGUAGE_STANDARD = "gnu++14";
				CLANG_CXX_LIBRARY = "libc++";
				CLANG_ENABLE_MODULES = YES;
				CLANG_ENABLE_OBJC_ARC = YES;
				CLANG_ENABLE_OBJC_WEAK = YES;
				CLANG_WARN_BLOCK_CAPTURE_AUTORELEASING = YES;
				CLANG_WARN_BOOL_CONVERSION = YES;
				CLANG_WARN_COMMA = YES;
				CLANG_WARN_CONSTANT_CONVERSION = YES;
				CLANG_WARN_DEPRECATED_OBJC_IMPLEMENTATIONS = YES;
				CLANG_WARN_DIRECT_OBJC_ISA_USAGE = YES_ERROR;
				CLANG_WARN_DOCUMENTATION_COMMENTS = YES;
				CLANG_WARN_EMPTY_BODY = YES;
				CLANG_WARN_ENUM_CONVERSION = YES;
				CLANG_WARN_INFINITE_RECURSION = YES;
				CLANG_WARN_INT_CONVERSION = YES;
				CLANG_WARN_NON_LITERAL_NULL_CONVERSION = YES;
				CLANG_WARN_OBJC_IMPLICIT_RETAIN_SELF = YES;
				CLANG_WARN_OBJC_LITERAL_CONVERSION = YES;
				CLANG_WARN_OBJC_ROOT_CLASS = YES_ERROR;
				CLANG_WARN_RANGE_LOOP_ANALYSIS = YES;
				CLANG_WARN_STRICT_PROTOTYPES = YES;
				CLANG_WARN_SUSPICIOUS_MOVE = YES;
				CLANG_WARN_UNGUARDED_AVAILABILITY = YES_AGGRESSIVE;
				CLANG_WARN_UNREACHABLE_CODE = YES;
				CLANG_WARN__DUPLICATE_METHOD_MATCH = YES;
				CODE_SIGN_IDENTITY = "Mac Developer";
				COPY_PHASE_STRIP = NO;
				DEBUG_INFORMATION_FORMAT = dwarf;
				ENABLE_STRICT_OBJC_MSGSEND = YES;
				ENABLE_TESTABILITY = YES;
				GCC_C_LANGUAGE_STANDARD = gnu11;
				GCC_DYNAMIC_NO_PIC = NO;
				GCC_NO_COMMON_BLOCKS = YES;
				GCC_OPTIMIZATION_LEVEL = 0;
				GCC_PREPROCESSOR_DEFINITIONS = (
					"DEBUG=1",
					"$(inherited)",
				);
				GCC_WARN_64_TO_32_BIT_CONVERSION = YES;
				GCC_WARN_ABOUT_RETURN_TYPE = YES_ERROR;
				GCC_WARN_UNDECLARED_SELECTOR = YES;
				GCC_WARN_UNINITIALIZED_AUTOS = YES_AGGRESSIVE;
				GCC_WARN_UNUSED_FUNCTION = YES;
				GCC_WARN_UNUSED_VARIABLE = YES;
				MACOSX_DEPLOYMENT_TARGET = 10.14;
				MTL_ENABLE_DEBUG_INFO = INCLUDE_SOURCE;
				MTL_FAST_MATH = YES;
				ONLY_ACTIVE_ARCH = YES;
				SDKROOT = macosx;
				SWIFT_ACTIVE_COMPILATION_CONDITIONS = DEBUG;
				SWIFT_OPTIMIZATION_LEVEL = "-Onone";
			};
			name = Debug;
		};
		51373A2721ACDE0F008E3CB5 /* Release */ = {
			isa = XCBuildConfiguration;
			buildSettings = {
				ALWAYS_SEARCH_USER_PATHS = NO;
				CLANG_ANALYZER_NONNULL = YES;
				CLANG_ANALYZER_NUMBER_OBJECT_CONVERSION = YES_AGGRESSIVE;
				CLANG_CXX_LANGUAGE_STANDARD = "gnu++14";
				CLANG_CXX_LIBRARY = "libc++";
				CLANG_ENABLE_MODULES = YES;
				CLANG_ENABLE_OBJC_ARC = YES;
				CLANG_ENABLE_OBJC_WEAK = YES;
				CLANG_WARN_BLOCK_CAPTURE_AUTORELEASING = YES;
				CLANG_WARN_BOOL_CONVERSION = YES;
				CLANG_WARN_COMMA = YES;
				CLANG_WARN_CONSTANT_CONVERSION = YES;
				CLANG_WARN_DEPRECATED_OBJC_IMPLEMENTATIONS = YES;
				CLANG_WARN_DIRECT_OBJC_ISA_USAGE = YES_ERROR;
				CLANG_WARN_DOCUMENTATION_COMMENTS = YES;
				CLANG_WARN_EMPTY_BODY = YES;
				CLANG_WARN_ENUM_CONVERSION = YES;
				CLANG_WARN_INFINITE_RECURSION = YES;
				CLANG_WARN_INT_CONVERSION = YES;
				CLANG_WARN_NON_LITERAL_NULL_CONVERSION = YES;
				CLANG_WARN_OBJC_IMPLICIT_RETAIN_SELF = YES;
				CLANG_WARN_OBJC_LITERAL_CONVERSION = YES;
				CLANG_WARN_OBJC_ROOT_CLASS = YES_ERROR;
				CLANG_WARN_RANGE_LOOP_ANALYSIS = YES;
				CLANG_WARN_STRICT_PROTOTYPES = YES;
				CLANG_WARN_SUSPICIOUS_MOVE = YES;
				CLANG_WARN_UNGUARDED_AVAILABILITY = YES_AGGRESSIVE;
				CLANG_WARN_UNREACHABLE_CODE = YES;
				CLANG_WARN__DUPLICATE_METHOD_MATCH = YES;
				CODE_SIGN_IDENTITY = "Mac Developer";
				COPY_PHASE_STRIP = NO;
				DEBUG_INFORMATION_FORMAT = "dwarf-with-dsym";
				ENABLE_NS_ASSERTIONS = NO;
				ENABLE_STRICT_OBJC_MSGSEND = YES;
				GCC_C_LANGUAGE_STANDARD = gnu11;
				GCC_NO_COMMON_BLOCKS = YES;
				GCC_WARN_64_TO_32_BIT_CONVERSION = YES;
				GCC_WARN_ABOUT_RETURN_TYPE = YES_ERROR;
				GCC_WARN_UNDECLARED_SELECTOR = YES;
				GCC_WARN_UNINITIALIZED_AUTOS = YES_AGGRESSIVE;
				GCC_WARN_UNUSED_FUNCTION = YES;
				GCC_WARN_UNUSED_VARIABLE = YES;
				MACOSX_DEPLOYMENT_TARGET = 10.14;
				MTL_ENABLE_DEBUG_INFO = NO;
				MTL_FAST_MATH = YES;
				SDKROOT = macosx;
				SWIFT_COMPILATION_MODE = wholemodule;
				SWIFT_OPTIMIZATION_LEVEL = "-O";
			};
			name = Release;
		};
		51373A2921ACDE0F008E3CB5 /* Debug */ = {
			isa = XCBuildConfiguration;
			buildSettings = {
				CODE_SIGN_ENTITLEMENTS = "RNA Extension/RNA_Extension.entitlements";
				CODE_SIGN_STYLE = Automatic;
				DEVELOPMENT_TEAM = B9QTN8GJXZ;
				INFOPLIST_FILE = "RNA Extension/Info.plist";
				LD_RUNPATH_SEARCH_PATHS = (
					"$(inherited)",
					"@executable_path/../Frameworks",
					"@executable_path/../../../../Frameworks",
				);
				PRODUCT_BUNDLE_IDENTIFIER = "PN.RNA-Extension";
				PRODUCT_NAME = "$(TARGET_NAME)";
				SKIP_INSTALL = YES;
				SWIFT_VERSION = 4.2;
			};
			name = Debug;
		};
		51373A2A21ACDE0F008E3CB5 /* Release */ = {
			isa = XCBuildConfiguration;
			buildSettings = {
				CODE_SIGN_ENTITLEMENTS = "RNA Extension/RNA_Extension.entitlements";
				CODE_SIGN_STYLE = Automatic;
				DEVELOPMENT_TEAM = B9QTN8GJXZ;
				INFOPLIST_FILE = "RNA Extension/Info.plist";
				LD_RUNPATH_SEARCH_PATHS = (
					"$(inherited)",
					"@executable_path/../Frameworks",
					"@executable_path/../../../../Frameworks",
				);
				PRODUCT_BUNDLE_IDENTIFIER = "PN.RNA-Extension";
				PRODUCT_NAME = "$(TARGET_NAME)";
				SKIP_INSTALL = YES;
				SWIFT_VERSION = 4.2;
			};
			name = Release;
		};
		51373A2D21ACDE0F008E3CB5 /* Debug */ = {
			isa = XCBuildConfiguration;
			buildSettings = {
				ALWAYS_EMBED_SWIFT_STANDARD_LIBRARIES = YES;
				ASSETCATALOG_COMPILER_APPICON_NAME = AppIcon;
				CODE_SIGN_ENTITLEMENTS = RNA/RNA.entitlements;
				CODE_SIGN_STYLE = Automatic;
				COMBINE_HIDPI_IMAGES = YES;
				DEVELOPMENT_TEAM = B9QTN8GJXZ;
				INFOPLIST_FILE = RNA/Info.plist;
				LD_RUNPATH_SEARCH_PATHS = (
					"$(inherited)",
					"@executable_path/../Frameworks",
				);
				PRODUCT_BUNDLE_IDENTIFIER = PN.RNA;
				PRODUCT_NAME = "$(TARGET_NAME)";
				SWIFT_VERSION = 4.2;
			};
			name = Debug;
		};
		51373A2E21ACDE0F008E3CB5 /* Release */ = {
			isa = XCBuildConfiguration;
			buildSettings = {
				ALWAYS_EMBED_SWIFT_STANDARD_LIBRARIES = YES;
				ASSETCATALOG_COMPILER_APPICON_NAME = AppIcon;
				CODE_SIGN_ENTITLEMENTS = RNA/RNA.entitlements;
				CODE_SIGN_STYLE = Automatic;
				COMBINE_HIDPI_IMAGES = YES;
				DEVELOPMENT_TEAM = B9QTN8GJXZ;
				INFOPLIST_FILE = RNA/Info.plist;
				LD_RUNPATH_SEARCH_PATHS = (
					"$(inherited)",
					"@executable_path/../Frameworks",
				);
				PRODUCT_BUNDLE_IDENTIFIER = PN.RNA;
				PRODUCT_NAME = "$(TARGET_NAME)";
				SWIFT_VERSION = 4.2;
			};
			name = Release;
		};
		51373A3021ACDE0F008E3CB5 /* Debug */ = {
			isa = XCBuildConfiguration;
			buildSettings = {
				ALWAYS_EMBED_SWIFT_STANDARD_LIBRARIES = YES;
				BUNDLE_LOADER = "$(TEST_HOST)";
				CODE_SIGN_STYLE = Automatic;
				COMBINE_HIDPI_IMAGES = YES;
				DEVELOPMENT_TEAM = B9QTN8GJXZ;
				INFOPLIST_FILE = RNATests/Info.plist;
				LD_RUNPATH_SEARCH_PATHS = (
					"$(inherited)",
					"@executable_path/../Frameworks",
					"@loader_path/../Frameworks",
				);
				PRODUCT_BUNDLE_IDENTIFIER = PN.RNATests;
				PRODUCT_NAME = "$(TARGET_NAME)";
				SWIFT_VERSION = 4.2;
				TEST_HOST = "$(BUILT_PRODUCTS_DIR)/RNA.app/Contents/MacOS/RNA";
			};
			name = Debug;
		};
		51373A3121ACDE0F008E3CB5 /* Release */ = {
			isa = XCBuildConfiguration;
			buildSettings = {
				ALWAYS_EMBED_SWIFT_STANDARD_LIBRARIES = YES;
				BUNDLE_LOADER = "$(TEST_HOST)";
				CODE_SIGN_STYLE = Automatic;
				COMBINE_HIDPI_IMAGES = YES;
				DEVELOPMENT_TEAM = B9QTN8GJXZ;
				INFOPLIST_FILE = RNATests/Info.plist;
				LD_RUNPATH_SEARCH_PATHS = (
					"$(inherited)",
					"@executable_path/../Frameworks",
					"@loader_path/../Frameworks",
				);
				PRODUCT_BUNDLE_IDENTIFIER = PN.RNATests;
				PRODUCT_NAME = "$(TARGET_NAME)";
				SWIFT_VERSION = 4.2;
				TEST_HOST = "$(BUILT_PRODUCTS_DIR)/RNA.app/Contents/MacOS/RNA";
			};
			name = Release;
		};
/* End XCBuildConfiguration section */

/* Begin XCConfigurationList section */
		513739EE21ACDE0D008E3CB5 /* Build configuration list for PBXProject "RNA" */ = {
			isa = XCConfigurationList;
			buildConfigurations = (
				51373A2621ACDE0F008E3CB5 /* Debug */,
				51373A2721ACDE0F008E3CB5 /* Release */,
			);
			defaultConfigurationIsVisible = 0;
			defaultConfigurationName = Release;
		};
		51373A2821ACDE0F008E3CB5 /* Build configuration list for PBXNativeTarget "RNA Extension" */ = {
			isa = XCConfigurationList;
			buildConfigurations = (
				51373A2921ACDE0F008E3CB5 /* Debug */,
				51373A2A21ACDE0F008E3CB5 /* Release */,
			);
			defaultConfigurationIsVisible = 0;
			defaultConfigurationName = Release;
		};
		51373A2C21ACDE0F008E3CB5 /* Build configuration list for PBXNativeTarget "RNA" */ = {
			isa = XCConfigurationList;
			buildConfigurations = (
				51373A2D21ACDE0F008E3CB5 /* Debug */,
				51373A2E21ACDE0F008E3CB5 /* Release */,
			);
			defaultConfigurationIsVisible = 0;
			defaultConfigurationName = Release;
		};
		51373A2F21ACDE0F008E3CB5 /* Build configuration list for PBXNativeTarget "RNATests" */ = {
			isa = XCConfigurationList;
			buildConfigurations = (
				51373A3021ACDE0F008E3CB5 /* Debug */,
				51373A3121ACDE0F008E3CB5 /* Release */,
			);
			defaultConfigurationIsVisible = 0;
			defaultConfigurationName = Release;
		};
/* End XCConfigurationList section */
	};
	rootObject = 513739EB21ACDE0D008E3CB5 /* Project object */;
}
